// !$*UTF8*$!
{
	archiveVersion = 1;
	classes = {
	};
	objectVersion = 56;
	objects = {

/* Begin PBXBuildFile section */
		0E0CFE982AF432840004466F /* Word.swift in Sources */ = {isa = PBXBuildFile; fileRef = 0E0CFE972AF432840004466F /* Word.swift */; };
		2D0A49542AF3300B0025372C /* WordInfoTableViewCell.swift in Sources */ = {isa = PBXBuildFile; fileRef = 2D0A49532AF3300B0025372C /* WordInfoTableViewCell.swift */; };
		2D0A49562AF3327F0025372C /* ResultTableViewCell.swift in Sources */ = {isa = PBXBuildFile; fileRef = 2D0A49552AF3327F0025372C /* ResultTableViewCell.swift */; };
		2D0A49592AF332E20025372C /* DataStore.swift in Sources */ = {isa = PBXBuildFile; fileRef = 2D0A49582AF332E20025372C /* DataStore.swift */; };
		2D77D4192AF2CD1D0058479C /* AppDelegate.swift in Sources */ = {isa = PBXBuildFile; fileRef = 2D77D4182AF2CD1D0058479C /* AppDelegate.swift */; };
		2D77D41B2AF2CD1D0058479C /* SceneDelegate.swift in Sources */ = {isa = PBXBuildFile; fileRef = 2D77D41A2AF2CD1D0058479C /* SceneDelegate.swift */; };
		2D77D4202AF2CD1D0058479C /* Main.storyboard in Resources */ = {isa = PBXBuildFile; fileRef = 2D77D41E2AF2CD1D0058479C /* Main.storyboard */; };
		2D77D4222AF2CD1E0058479C /* Assets.xcassets in Resources */ = {isa = PBXBuildFile; fileRef = 2D77D4212AF2CD1E0058479C /* Assets.xcassets */; };
		2D77D4252AF2CD1E0058479C /* LaunchScreen.storyboard in Resources */ = {isa = PBXBuildFile; fileRef = 2D77D4232AF2CD1E0058479C /* LaunchScreen.storyboard */; };
		2D77D4312AF32AA50058479C /* TabBarController.swift in Sources */ = {isa = PBXBuildFile; fileRef = 2D77D4302AF32AA50058479C /* TabBarController.swift */; };
		2D77D4332AF32ADD0058479C /* DevelopersViewController.swift in Sources */ = {isa = PBXBuildFile; fileRef = 2D77D4322AF32ADD0058479C /* DevelopersViewController.swift */; };
		2D77D4352AF32AFF0058479C /* TestViewController.swift in Sources */ = {isa = PBXBuildFile; fileRef = 2D77D4342AF32AFF0058479C /* TestViewController.swift */; };
		2D77D4372AF32B2B0058479C /* ResultTableViewController.swift in Sources */ = {isa = PBXBuildFile; fileRef = 2D77D4362AF32B2B0058479C /* ResultTableViewController.swift */; };
		2D77D4392AF32B710058479C /* WordsTableViewController.swift in Sources */ = {isa = PBXBuildFile; fileRef = 2D77D4382AF32B710058479C /* WordsTableViewController.swift */; };
		2D77D43B2AF32BA80058479C /* WordInfoViewController.swift in Sources */ = {isa = PBXBuildFile; fileRef = 2D77D43A2AF32BA80058479C /* WordInfoViewController.swift */; };
/* End PBXBuildFile section */

/* Begin PBXFileReference section */
		0E0CFE972AF432840004466F /* Word.swift */ = {isa = PBXFileReference; lastKnownFileType = sourcecode.swift; path = Word.swift; sourceTree = "<group>"; };
		2D0A49532AF3300B0025372C /* WordInfoTableViewCell.swift */ = {isa = PBXFileReference; lastKnownFileType = sourcecode.swift; path = WordInfoTableViewCell.swift; sourceTree = "<group>"; };
		2D0A49552AF3327F0025372C /* ResultTableViewCell.swift */ = {isa = PBXFileReference; lastKnownFileType = sourcecode.swift; path = ResultTableViewCell.swift; sourceTree = "<group>"; };
		2D0A49582AF332E20025372C /* DataStore.swift */ = {isa = PBXFileReference; lastKnownFileType = sourcecode.swift; path = DataStore.swift; sourceTree = "<group>"; };
		2D77D4152AF2CD1D0058479C /* project238.app */ = {isa = PBXFileReference; explicitFileType = wrapper.application; includeInIndex = 0; path = project238.app; sourceTree = BUILT_PRODUCTS_DIR; };
		2D77D4182AF2CD1D0058479C /* AppDelegate.swift */ = {isa = PBXFileReference; lastKnownFileType = sourcecode.swift; path = AppDelegate.swift; sourceTree = "<group>"; };
		2D77D41A2AF2CD1D0058479C /* SceneDelegate.swift */ = {isa = PBXFileReference; lastKnownFileType = sourcecode.swift; path = SceneDelegate.swift; sourceTree = "<group>"; };
		2D77D41F2AF2CD1D0058479C /* Base */ = {isa = PBXFileReference; lastKnownFileType = file.storyboard; name = Base; path = Base.lproj/Main.storyboard; sourceTree = "<group>"; };
		2D77D4212AF2CD1E0058479C /* Assets.xcassets */ = {isa = PBXFileReference; lastKnownFileType = folder.assetcatalog; path = Assets.xcassets; sourceTree = "<group>"; };
		2D77D4242AF2CD1E0058479C /* Base */ = {isa = PBXFileReference; lastKnownFileType = file.storyboard; name = Base; path = Base.lproj/LaunchScreen.storyboard; sourceTree = "<group>"; };
		2D77D4262AF2CD1E0058479C /* Info.plist */ = {isa = PBXFileReference; lastKnownFileType = text.plist.xml; path = Info.plist; sourceTree = "<group>"; };
		2D77D4302AF32AA50058479C /* TabBarController.swift */ = {isa = PBXFileReference; lastKnownFileType = sourcecode.swift; path = TabBarController.swift; sourceTree = "<group>"; };
		2D77D4322AF32ADD0058479C /* DevelopersViewController.swift */ = {isa = PBXFileReference; lastKnownFileType = sourcecode.swift; path = DevelopersViewController.swift; sourceTree = "<group>"; };
		2D77D4342AF32AFF0058479C /* TestViewController.swift */ = {isa = PBXFileReference; lastKnownFileType = sourcecode.swift; path = TestViewController.swift; sourceTree = "<group>"; };
		2D77D4362AF32B2B0058479C /* ResultTableViewController.swift */ = {isa = PBXFileReference; lastKnownFileType = sourcecode.swift; path = ResultTableViewController.swift; sourceTree = "<group>"; };
		2D77D4382AF32B710058479C /* WordsTableViewController.swift */ = {isa = PBXFileReference; lastKnownFileType = sourcecode.swift; path = WordsTableViewController.swift; sourceTree = "<group>"; };
		2D77D43A2AF32BA80058479C /* WordInfoViewController.swift */ = {isa = PBXFileReference; lastKnownFileType = sourcecode.swift; path = WordInfoViewController.swift; sourceTree = "<group>"; };
/* End PBXFileReference section */

/* Begin PBXFrameworksBuildPhase section */
		2D77D4122AF2CD1D0058479C /* Frameworks */ = {
			isa = PBXFrameworksBuildPhase;
			buildActionMask = 2147483647;
			files = (
			);
			runOnlyForDeploymentPostprocessing = 0;
		};
/* End PBXFrameworksBuildPhase section */

/* Begin PBXGroup section */
		0E0CFE962AF432660004466F /* Models */ = {
			isa = PBXGroup;
			children = (
				0E0CFE972AF432840004466F /* Word.swift */,
			);
			path = Models;
			sourceTree = "<group>";
		};
		2D0A49522AF32FAC0025372C /* Views */ = {
			isa = PBXGroup;
			children = (
				2D0A49532AF3300B0025372C /* WordInfoTableViewCell.swift */,
				2D0A49552AF3327F0025372C /* ResultTableViewCell.swift */,
			);
			path = Views;
			sourceTree = "<group>";
		};
		2D0A49572AF332AD0025372C /* Services */ = {
			isa = PBXGroup;
			children = (
				2D0A49582AF332E20025372C /* DataStore.swift */,
			);
			path = Services;
			sourceTree = "<group>";
		};
		2D77D40C2AF2CD1D0058479C = {
			isa = PBXGroup;
			children = (
				2D77D4172AF2CD1D0058479C /* project238 */,
				2D77D4162AF2CD1D0058479C /* Products */,
			);
			sourceTree = "<group>";
		};
		2D77D4162AF2CD1D0058479C /* Products */ = {
			isa = PBXGroup;
			children = (
				2D77D4152AF2CD1D0058479C /* project238.app */,
			);
			name = Products;
			sourceTree = "<group>";
		};
		2D77D4172AF2CD1D0058479C /* project238 */ = {
			isa = PBXGroup;
			children = (
				0E0CFE962AF432660004466F /* Models */,
				2D0A49572AF332AD0025372C /* Services */,
				2D0A49522AF32FAC0025372C /* Views */,
				2D77D42F2AF2CE550058479C /* Resources */,
				2D77D42E2AF2CE220058479C /* Storyboards */,
				2D77D42D2AF2CDA40058479C /* SupportingFiles */,
				2D77D42C2AF2CD7E0058479C /* ViewControllers */,
			);
			path = project238;
			sourceTree = "<group>";
		};
		2D77D42C2AF2CD7E0058479C /* ViewControllers */ = {
			isa = PBXGroup;
			children = (
				2D77D4302AF32AA50058479C /* TabBarController.swift */,
				2D77D4322AF32ADD0058479C /* DevelopersViewController.swift */,
				2D77D4342AF32AFF0058479C /* TestViewController.swift */,
				2D77D4362AF32B2B0058479C /* ResultTableViewController.swift */,
				2D77D4382AF32B710058479C /* WordsTableViewController.swift */,
				2D77D43A2AF32BA80058479C /* WordInfoViewController.swift */,
			);
			path = ViewControllers;
			sourceTree = "<group>";
		};
		2D77D42D2AF2CDA40058479C /* SupportingFiles */ = {
			isa = PBXGroup;
			children = (
				2D77D4182AF2CD1D0058479C /* AppDelegate.swift */,
				2D77D41A2AF2CD1D0058479C /* SceneDelegate.swift */,
				2D77D4262AF2CD1E0058479C /* Info.plist */,
			);
			path = SupportingFiles;
			sourceTree = "<group>";
		};
		2D77D42E2AF2CE220058479C /* Storyboards */ = {
			isa = PBXGroup;
			children = (
				2D77D41E2AF2CD1D0058479C /* Main.storyboard */,
				2D77D4232AF2CD1E0058479C /* LaunchScreen.storyboard */,
			);
			path = Storyboards;
			sourceTree = "<group>";
		};
		2D77D42F2AF2CE550058479C /* Resources */ = {
			isa = PBXGroup;
			children = (
				2D77D4212AF2CD1E0058479C /* Assets.xcassets */,
			);
			path = Resources;
			sourceTree = "<group>";
		};
/* End PBXGroup section */

/* Begin PBXNativeTarget section */
		2D77D4142AF2CD1D0058479C /* project238 */ = {
			isa = PBXNativeTarget;
			buildConfigurationList = 2D77D4292AF2CD1E0058479C /* Build configuration list for PBXNativeTarget "project238" */;
			buildPhases = (
				2D77D4112AF2CD1D0058479C /* Sources */,
				2D77D4122AF2CD1D0058479C /* Frameworks */,
				2D77D4132AF2CD1D0058479C /* Resources */,
			);
			buildRules = (
			);
			dependencies = (
			);
			name = project238;
			productName = project238;
			productReference = 2D77D4152AF2CD1D0058479C /* project238.app */;
			productType = "com.apple.product-type.application";
		};
/* End PBXNativeTarget section */

/* Begin PBXProject section */
		2D77D40D2AF2CD1D0058479C /* Project object */ = {
			isa = PBXProject;
			attributes = {
				BuildIndependentTargetsInParallel = 1;
				LastSwiftUpdateCheck = 1500;
				LastUpgradeCheck = 1500;
				TargetAttributes = {
					2D77D4142AF2CD1D0058479C = {
						CreatedOnToolsVersion = 15.0.1;
					};
				};
			};
			buildConfigurationList = 2D77D4102AF2CD1D0058479C /* Build configuration list for PBXProject "project238" */;
			compatibilityVersion = "Xcode 14.0";
			developmentRegion = en;
			hasScannedForEncodings = 0;
			knownRegions = (
				en,
				Base,
			);
			mainGroup = 2D77D40C2AF2CD1D0058479C;
			productRefGroup = 2D77D4162AF2CD1D0058479C /* Products */;
			projectDirPath = "";
			projectRoot = "";
			targets = (
				2D77D4142AF2CD1D0058479C /* project238 */,
			);
		};
/* End PBXProject section */

/* Begin PBXResourcesBuildPhase section */
		2D77D4132AF2CD1D0058479C /* Resources */ = {
			isa = PBXResourcesBuildPhase;
			buildActionMask = 2147483647;
			files = (
				2D77D4252AF2CD1E0058479C /* LaunchScreen.storyboard in Resources */,
				2D77D4222AF2CD1E0058479C /* Assets.xcassets in Resources */,
				2D77D4202AF2CD1D0058479C /* Main.storyboard in Resources */,
			);
			runOnlyForDeploymentPostprocessing = 0;
		};
/* End PBXResourcesBuildPhase section */

/* Begin PBXSourcesBuildPhase section */
		2D77D4112AF2CD1D0058479C /* Sources */ = {
			isa = PBXSourcesBuildPhase;
			buildActionMask = 2147483647;
			files = (
				2D0A49592AF332E20025372C /* DataStore.swift in Sources */,
				0E0CFE982AF432840004466F /* Word.swift in Sources */,
				2D77D43B2AF32BA80058479C /* WordInfoViewController.swift in Sources */,
				2D77D4312AF32AA50058479C /* TabBarController.swift in Sources */,
				2D77D4192AF2CD1D0058479C /* AppDelegate.swift in Sources */,
				2D0A49542AF3300B0025372C /* WordInfoTableViewCell.swift in Sources */,
				2D77D41B2AF2CD1D0058479C /* SceneDelegate.swift in Sources */,
				2D77D4372AF32B2B0058479C /* ResultTableViewController.swift in Sources */,
				2D77D4352AF32AFF0058479C /* TestViewController.swift in Sources */,
				2D77D4332AF32ADD0058479C /* DevelopersViewController.swift in Sources */,
				2D0A49562AF3327F0025372C /* ResultTableViewCell.swift in Sources */,
				2D77D4392AF32B710058479C /* WordsTableViewController.swift in Sources */,
			);
			runOnlyForDeploymentPostprocessing = 0;
		};
/* End PBXSourcesBuildPhase section */

/* Begin PBXVariantGroup section */
		2D77D41E2AF2CD1D0058479C /* Main.storyboard */ = {
			isa = PBXVariantGroup;
			children = (
				2D77D41F2AF2CD1D0058479C /* Base */,
			);
			name = Main.storyboard;
			sourceTree = "<group>";
		};
		2D77D4232AF2CD1E0058479C /* LaunchScreen.storyboard */ = {
			isa = PBXVariantGroup;
			children = (
				2D77D4242AF2CD1E0058479C /* Base */,
			);
			name = LaunchScreen.storyboard;
			sourceTree = "<group>";
		};
/* End PBXVariantGroup section */

/* Begin XCBuildConfiguration section */
		2D77D4272AF2CD1E0058479C /* Debug */ = {
			isa = XCBuildConfiguration;
			buildSettings = {
				ALWAYS_SEARCH_USER_PATHS = NO;
				ASSETCATALOG_COMPILER_GENERATE_SWIFT_ASSET_SYMBOL_EXTENSIONS = YES;
				CLANG_ANALYZER_NONNULL = YES;
				CLANG_ANALYZER_NUMBER_OBJECT_CONVERSION = YES_AGGRESSIVE;
				CLANG_CXX_LANGUAGE_STANDARD = "gnu++20";
				CLANG_ENABLE_MODULES = YES;
				CLANG_ENABLE_OBJC_ARC = YES;
				CLANG_ENABLE_OBJC_WEAK = YES;
				CLANG_WARN_BLOCK_CAPTURE_AUTORELEASING = YES;
				CLANG_WARN_BOOL_CONVERSION = YES;
				CLANG_WARN_COMMA = YES;
				CLANG_WARN_CONSTANT_CONVERSION = YES;
				CLANG_WARN_DEPRECATED_OBJC_IMPLEMENTATIONS = YES;
				CLANG_WARN_DIRECT_OBJC_ISA_USAGE = YES_ERROR;
				CLANG_WARN_DOCUMENTATION_COMMENTS = YES;
				CLANG_WARN_EMPTY_BODY = YES;
				CLANG_WARN_ENUM_CONVERSION = YES;
				CLANG_WARN_INFINITE_RECURSION = YES;
				CLANG_WARN_INT_CONVERSION = YES;
				CLANG_WARN_NON_LITERAL_NULL_CONVERSION = YES;
				CLANG_WARN_OBJC_IMPLICIT_RETAIN_SELF = YES;
				CLANG_WARN_OBJC_LITERAL_CONVERSION = YES;
				CLANG_WARN_OBJC_ROOT_CLASS = YES_ERROR;
				CLANG_WARN_QUOTED_INCLUDE_IN_FRAMEWORK_HEADER = YES;
				CLANG_WARN_RANGE_LOOP_ANALYSIS = YES;
				CLANG_WARN_STRICT_PROTOTYPES = YES;
				CLANG_WARN_SUSPICIOUS_MOVE = YES;
				CLANG_WARN_UNGUARDED_AVAILABILITY = YES_AGGRESSIVE;
				CLANG_WARN_UNREACHABLE_CODE = YES;
				CLANG_WARN__DUPLICATE_METHOD_MATCH = YES;
				COPY_PHASE_STRIP = NO;
				DEBUG_INFORMATION_FORMAT = dwarf;
				ENABLE_STRICT_OBJC_MSGSEND = YES;
				ENABLE_TESTABILITY = YES;
				ENABLE_USER_SCRIPT_SANDBOXING = YES;
				GCC_C_LANGUAGE_STANDARD = gnu17;
				GCC_DYNAMIC_NO_PIC = NO;
				GCC_NO_COMMON_BLOCKS = YES;
				GCC_OPTIMIZATION_LEVEL = 0;
				GCC_PREPROCESSOR_DEFINITIONS = (
					"DEBUG=1",
					"$(inherited)",
				);
				GCC_WARN_64_TO_32_BIT_CONVERSION = YES;
				GCC_WARN_ABOUT_RETURN_TYPE = YES_ERROR;
				GCC_WARN_UNDECLARED_SELECTOR = YES;
				GCC_WARN_UNINITIALIZED_AUTOS = YES_AGGRESSIVE;
				GCC_WARN_UNUSED_FUNCTION = YES;
				GCC_WARN_UNUSED_VARIABLE = YES;
				IPHONEOS_DEPLOYMENT_TARGET = 17.0;
				LOCALIZATION_PREFERS_STRING_CATALOGS = YES;
				MTL_ENABLE_DEBUG_INFO = INCLUDE_SOURCE;
				MTL_FAST_MATH = YES;
				ONLY_ACTIVE_ARCH = YES;
				SDKROOT = iphoneos;
				SWIFT_ACTIVE_COMPILATION_CONDITIONS = "DEBUG $(inherited)";
				SWIFT_OPTIMIZATION_LEVEL = "-Onone";
			};
			name = Debug;
		};
		2D77D4282AF2CD1E0058479C /* Release */ = {
			isa = XCBuildConfiguration;
			buildSettings = {
				ALWAYS_SEARCH_USER_PATHS = NO;
				ASSETCATALOG_COMPILER_GENERATE_SWIFT_ASSET_SYMBOL_EXTENSIONS = YES;
				CLANG_ANALYZER_NONNULL = YES;
				CLANG_ANALYZER_NUMBER_OBJECT_CONVERSION = YES_AGGRESSIVE;
				CLANG_CXX_LANGUAGE_STANDARD = "gnu++20";
				CLANG_ENABLE_MODULES = YES;
				CLANG_ENABLE_OBJC_ARC = YES;
				CLANG_ENABLE_OBJC_WEAK = YES;
				CLANG_WARN_BLOCK_CAPTURE_AUTORELEASING = YES;
				CLANG_WARN_BOOL_CONVERSION = YES;
				CLANG_WARN_COMMA = YES;
				CLANG_WARN_CONSTANT_CONVERSION = YES;
				CLANG_WARN_DEPRECATED_OBJC_IMPLEMENTATIONS = YES;
				CLANG_WARN_DIRECT_OBJC_ISA_USAGE = YES_ERROR;
				CLANG_WARN_DOCUMENTATION_COMMENTS = YES;
				CLANG_WARN_EMPTY_BODY = YES;
				CLANG_WARN_ENUM_CONVERSION = YES;
				CLANG_WARN_INFINITE_RECURSION = YES;
				CLANG_WARN_INT_CONVERSION = YES;
				CLANG_WARN_NON_LITERAL_NULL_CONVERSION = YES;
				CLANG_WARN_OBJC_IMPLICIT_RETAIN_SELF = YES;
				CLANG_WARN_OBJC_LITERAL_CONVERSION = YES;
				CLANG_WARN_OBJC_ROOT_CLASS = YES_ERROR;
				CLANG_WARN_QUOTED_INCLUDE_IN_FRAMEWORK_HEADER = YES;
				CLANG_WARN_RANGE_LOOP_ANALYSIS = YES;
				CLANG_WARN_STRICT_PROTOTYPES = YES;
				CLANG_WARN_SUSPICIOUS_MOVE = YES;
				CLANG_WARN_UNGUARDED_AVAILABILITY = YES_AGGRESSIVE;
				CLANG_WARN_UNREACHABLE_CODE = YES;
				CLANG_WARN__DUPLICATE_METHOD_MATCH = YES;
				COPY_PHASE_STRIP = NO;
				DEBUG_INFORMATION_FORMAT = "dwarf-with-dsym";
				ENABLE_NS_ASSERTIONS = NO;
				ENABLE_STRICT_OBJC_MSGSEND = YES;
				ENABLE_USER_SCRIPT_SANDBOXING = YES;
				GCC_C_LANGUAGE_STANDARD = gnu17;
				GCC_NO_COMMON_BLOCKS = YES;
				GCC_WARN_64_TO_32_BIT_CONVERSION = YES;
				GCC_WARN_ABOUT_RETURN_TYPE = YES_ERROR;
				GCC_WARN_UNDECLARED_SELECTOR = YES;
				GCC_WARN_UNINITIALIZED_AUTOS = YES_AGGRESSIVE;
				GCC_WARN_UNUSED_FUNCTION = YES;
				GCC_WARN_UNUSED_VARIABLE = YES;
				IPHONEOS_DEPLOYMENT_TARGET = 17.0;
				LOCALIZATION_PREFERS_STRING_CATALOGS = YES;
				MTL_ENABLE_DEBUG_INFO = NO;
				MTL_FAST_MATH = YES;
				SDKROOT = iphoneos;
				SWIFT_COMPILATION_MODE = wholemodule;
				VALIDATE_PRODUCT = YES;
			};
			name = Release;
		};
		2D77D42A2AF2CD1E0058479C /* Debug */ = {
			isa = XCBuildConfiguration;
			buildSettings = {
				ASSETCATALOG_COMPILER_APPICON_NAME = AppIcon;
				ASSETCATALOG_COMPILER_GLOBAL_ACCENT_COLOR_NAME = AccentColor;
				CODE_SIGN_STYLE = Automatic;
				CURRENT_PROJECT_VERSION = 1;
				GENERATE_INFOPLIST_FILE = YES;
				INFOPLIST_FILE = project238/SupportingFiles/Info.plist;
				INFOPLIST_KEY_UIApplicationSupportsIndirectInputEvents = YES;
				INFOPLIST_KEY_UILaunchStoryboardName = LaunchScreen;
				INFOPLIST_KEY_UIMainStoryboardFile = Main;
				INFOPLIST_KEY_UISupportedInterfaceOrientations_iPad = "UIInterfaceOrientationPortrait UIInterfaceOrientationPortraitUpsideDown UIInterfaceOrientationLandscapeLeft UIInterfaceOrientationLandscapeRight";
				INFOPLIST_KEY_UISupportedInterfaceOrientations_iPhone = "UIInterfaceOrientationPortrait UIInterfaceOrientationLandscapeLeft UIInterfaceOrientationLandscapeRight";
				LD_RUNPATH_SEARCH_PATHS = (
					"$(inherited)",
					"@executable_path/Frameworks",
				);
				MARKETING_VERSION = 1.0;
				PRODUCT_BUNDLE_IDENTIFIER = com.khafizov.project238;
				PRODUCT_NAME = "$(TARGET_NAME)";
				SWIFT_EMIT_LOC_STRINGS = YES;
				SWIFT_VERSION = 5.0;
				TARGETED_DEVICE_FAMILY = "1,2";
			};
			name = Debug;
		};
		2D77D42B2AF2CD1E0058479C /* Release */ = {
			isa = XCBuildConfiguration;
			buildSettings = {
				ASSETCATALOG_COMPILER_APPICON_NAME = AppIcon;
				ASSETCATALOG_COMPILER_GLOBAL_ACCENT_COLOR_NAME = AccentColor;
				CODE_SIGN_STYLE = Automatic;
				CURRENT_PROJECT_VERSION = 1;
				GENERATE_INFOPLIST_FILE = YES;
				INFOPLIST_FILE = project238/SupportingFiles/Info.plist;
				INFOPLIST_KEY_UIApplicationSupportsIndirectInputEvents = YES;
				INFOPLIST_KEY_UILaunchStoryboardName = LaunchScreen;
				INFOPLIST_KEY_UIMainStoryboardFile = Main;
				INFOPLIST_KEY_UISupportedInterfaceOrientations_iPad = "UIInterfaceOrientationPortrait UIInterfaceOrientationPortraitUpsideDown UIInterfaceOrientationLandscapeLeft UIInterfaceOrientationLandscapeRight";
				INFOPLIST_KEY_UISupportedInterfaceOrientations_iPhone = "UIInterfaceOrientationPortrait UIInterfaceOrientationLandscapeLeft UIInterfaceOrientationLandscapeRight";
				LD_RUNPATH_SEARCH_PATHS = (
					"$(inherited)",
					"@executable_path/Frameworks",
				);
				MARKETING_VERSION = 1.0;
				PRODUCT_BUNDLE_IDENTIFIER = com.khafizov.project238;
				PRODUCT_NAME = "$(TARGET_NAME)";
				SWIFT_EMIT_LOC_STRINGS = YES;
				SWIFT_VERSION = 5.0;
				TARGETED_DEVICE_FAMILY = "1,2";
			};
			name = Release;
		};
/* End XCBuildConfiguration section */

/* Begin XCConfigurationList section */
		2D77D4102AF2CD1D0058479C /* Build configuration list for PBXProject "project238" */ = {
			isa = XCConfigurationList;
			buildConfigurations = (
				2D77D4272AF2CD1E0058479C /* Debug */,
				2D77D4282AF2CD1E0058479C /* Release */,
			);
			defaultConfigurationIsVisible = 0;
			defaultConfigurationName = Release;
		};
		2D77D4292AF2CD1E0058479C /* Build configuration list for PBXNativeTarget "project238" */ = {
			isa = XCConfigurationList;
			buildConfigurations = (
				2D77D42A2AF2CD1E0058479C /* Debug */,
				2D77D42B2AF2CD1E0058479C /* Release */,
			);
			defaultConfigurationIsVisible = 0;
			defaultConfigurationName = Release;
		};
/* End XCConfigurationList section */
	};
	rootObject = 2D77D40D2AF2CD1D0058479C /* Project object */;
}
